
Microsoft Visual Studio Solution File, Format Version 12.00
# Visual Studio Version 17
VisualStudioVersion = 17.10.34916.146
MinimumVisualStudioVersion = 10.0.40219.1
Project("{9A19103F-16F7-4668-BE54-9A1E7A4F7556}") = "EFCoreAssignment", "EFCoreAssignment.csproj", "{723E5EE0-F20D-470C-B5D8-BE494D5B85F2}"
EndProject
Project("{FAE04EC0-301F-11D3-BF4B-00C04F79EFBC}") = "ADODOTNET", "..\ADODOTNET\ADODOTNET.csproj", "{AD98374A-4BA1-4EF3-A169-D23A73F45A78}"
EndProject
Global
	GlobalSection(SolutionConfigurationPlatforms) = preSolution
		Debug|Any CPU = Debug|Any CPU
		Release|Any CPU = Release|Any CPU
	EndGlobalSection
	GlobalSection(ProjectConfigurationPlatforms) = postSolution
		{723E5EE0-F20D-470C-B5D8-BE494D5B85F2}.Debug|Any CPU.ActiveCfg = Debug|Any CPU
		{723E5EE0-F20D-470C-B5D8-BE494D5B85F2}.Debug|Any CPU.Build.0 = Debug|Any CPU
		{723E5EE0-F20D-470C-B5D8-BE494D5B85F2}.Release|Any CPU.ActiveCfg = Release|Any CPU
		{723E5EE0-F20D-470C-B5D8-BE494D5B85F2}.Release|Any CPU.Build.0 = Release|Any CPU
		{AD98374A-4BA1-4EF3-A169-D23A73F45A78}.Debug|Any CPU.ActiveCfg = Debug|Any CPU
		{AD98374A-4BA1-4EF3-A169-D23A73F45A78}.Debug|Any CPU.Build.0 = Debug|Any CPU
		{AD98374A-4BA1-4EF3-A169-D23A73F45A78}.Release|Any CPU.ActiveCfg = Release|Any CPU
		{AD98374A-4BA1-4EF3-A169-D23A73F45A78}.Release|Any CPU.Build.0 = Release|Any CPU
	EndGlobalSection
	GlobalSection(SolutionProperties) = preSolution
		HideSolutionNode = FALSE
	EndGlobalSection
	GlobalSection(ExtensibilityGlobals) = postSolution
		SolutionGuid = {E16CC585-45BB-4E27-88A2-809C1A8454EA}
	EndGlobalSection
EndGlobal
